// !$*UTF8*$!
{
	archiveVersion = 1;
	classes = {
	};
	objectVersion = 55;
	objects = {

/* Begin PBXBuildFile section */
		9BC2C90F2884B3DC00D6762E /* Tests_iOS.swift in Sources */ = {isa = PBXBuildFile; fileRef = 9BC2C90E2884B3DC00D6762E /* Tests_iOS.swift */; };
		9BC2C9112884B3DC00D6762E /* Tests_iOSLaunchTests.swift in Sources */ = {isa = PBXBuildFile; fileRef = 9BC2C9102884B3DC00D6762E /* Tests_iOSLaunchTests.swift */; };
		9BC2C91B2884B3DC00D6762E /* Tests_macOS.swift in Sources */ = {isa = PBXBuildFile; fileRef = 9BC2C91A2884B3DC00D6762E /* Tests_macOS.swift */; };
		9BC2C91D2884B3DC00D6762E /* Tests_macOSLaunchTests.swift in Sources */ = {isa = PBXBuildFile; fileRef = 9BC2C91C2884B3DC00D6762E /* Tests_macOSLaunchTests.swift */; };
		9BC2C91E2884B3DC00D6762E /* SearchMyMovieApp.swift in Sources */ = {isa = PBXBuildFile; fileRef = 9BC2C8F62884B3D900D6762E /* SearchMyMovieApp.swift */; };
		9BC2C91F2884B3DC00D6762E /* SearchMyMovieApp.swift in Sources */ = {isa = PBXBuildFile; fileRef = 9BC2C8F62884B3D900D6762E /* SearchMyMovieApp.swift */; };
		9BC2C9202884B3DC00D6762E /* ContentView.swift in Sources */ = {isa = PBXBuildFile; fileRef = 9BC2C8F72884B3D900D6762E /* ContentView.swift */; };
		9BC2C9212884B3DC00D6762E /* ContentView.swift in Sources */ = {isa = PBXBuildFile; fileRef = 9BC2C8F72884B3D900D6762E /* ContentView.swift */; };
		9BC2C9222884B3DC00D6762E /* Assets.xcassets in Resources */ = {isa = PBXBuildFile; fileRef = 9BC2C8F82884B3DB00D6762E /* Assets.xcassets */; };
		9BC2C9232884B3DC00D6762E /* Assets.xcassets in Resources */ = {isa = PBXBuildFile; fileRef = 9BC2C8F82884B3DB00D6762E /* Assets.xcassets */; };
/* End PBXBuildFile section */

/* Begin PBXContainerItemProxy section */
		9BC2C90B2884B3DC00D6762E /* PBXContainerItemProxy */ = {
			isa = PBXContainerItemProxy;
			containerPortal = 9BC2C8F12884B3D900D6762E /* Project object */;
			proxyType = 1;
			remoteGlobalIDString = 9BC2C8FC2884B3DB00D6762E;
			remoteInfo = "SearchMyMovie (iOS)";
		};
		9BC2C9172884B3DC00D6762E /* PBXContainerItemProxy */ = {
			isa = PBXContainerItemProxy;
			containerPortal = 9BC2C8F12884B3D900D6762E /* Project object */;
			proxyType = 1;
			remoteGlobalIDString = 9BC2C9022884B3DB00D6762E;
			remoteInfo = "SearchMyMovie (macOS)";
		};
/* End PBXContainerItemProxy section */

/* Begin PBXFileReference section */
		9BC2C8F62884B3D900D6762E /* SearchMyMovieApp.swift */ = {isa = PBXFileReference; lastKnownFileType = sourcecode.swift; path = SearchMyMovieApp.swift; sourceTree = "<group>"; };
		9BC2C8F72884B3D900D6762E /* ContentView.swift */ = {isa = PBXFileReference; lastKnownFileType = sourcecode.swift; path = ContentView.swift; sourceTree = "<group>"; };
		9BC2C8F82884B3DB00D6762E /* Assets.xcassets */ = {isa = PBXFileReference; lastKnownFileType = folder.assetcatalog; path = Assets.xcassets; sourceTree = "<group>"; };
		9BC2C8FD2884B3DB00D6762E /* SearchMyMovie.app */ = {isa = PBXFileReference; explicitFileType = wrapper.application; includeInIndex = 0; path = SearchMyMovie.app; sourceTree = BUILT_PRODUCTS_DIR; };
		9BC2C9032884B3DB00D6762E /* SearchMyMovie.app */ = {isa = PBXFileReference; explicitFileType = wrapper.application; includeInIndex = 0; path = SearchMyMovie.app; sourceTree = BUILT_PRODUCTS_DIR; };
		9BC2C9052884B3DB00D6762E /* macOS.entitlements */ = {isa = PBXFileReference; lastKnownFileType = text.plist.entitlements; path = macOS.entitlements; sourceTree = "<group>"; };
		9BC2C90A2884B3DB00D6762E /* Tests iOS.xctest */ = {isa = PBXFileReference; explicitFileType = wrapper.cfbundle; includeInIndex = 0; path = "Tests iOS.xctest"; sourceTree = BUILT_PRODUCTS_DIR; };
		9BC2C90E2884B3DC00D6762E /* Tests_iOS.swift */ = {isa = PBXFileReference; lastKnownFileType = sourcecode.swift; path = Tests_iOS.swift; sourceTree = "<group>"; };
		9BC2C9102884B3DC00D6762E /* Tests_iOSLaunchTests.swift */ = {isa = PBXFileReference; lastKnownFileType = sourcecode.swift; path = Tests_iOSLaunchTests.swift; sourceTree = "<group>"; };
		9BC2C9162884B3DC00D6762E /* Tests macOS.xctest */ = {isa = PBXFileReference; explicitFileType = wrapper.cfbundle; includeInIndex = 0; path = "Tests macOS.xctest"; sourceTree = BUILT_PRODUCTS_DIR; };
		9BC2C91A2884B3DC00D6762E /* Tests_macOS.swift */ = {isa = PBXFileReference; lastKnownFileType = sourcecode.swift; path = Tests_macOS.swift; sourceTree = "<group>"; };
		9BC2C91C2884B3DC00D6762E /* Tests_macOSLaunchTests.swift */ = {isa = PBXFileReference; lastKnownFileType = sourcecode.swift; path = Tests_macOSLaunchTests.swift; sourceTree = "<group>"; };
/* End PBXFileReference section */

/* Begin PBXFrameworksBuildPhase section */
		9BC2C8FA2884B3DB00D6762E /* Frameworks */ = {
			isa = PBXFrameworksBuildPhase;
			buildActionMask = 2147483647;
			files = (
			);
			runOnlyForDeploymentPostprocessing = 0;
		};
		9BC2C9002884B3DB00D6762E /* Frameworks */ = {
			isa = PBXFrameworksBuildPhase;
			buildActionMask = 2147483647;
			files = (
			);
			runOnlyForDeploymentPostprocessing = 0;
		};
		9BC2C9072884B3DB00D6762E /* Frameworks */ = {
			isa = PBXFrameworksBuildPhase;
			buildActionMask = 2147483647;
			files = (
			);
			runOnlyForDeploymentPostprocessing = 0;
		};
		9BC2C9132884B3DC00D6762E /* Frameworks */ = {
			isa = PBXFrameworksBuildPhase;
			buildActionMask = 2147483647;
			files = (
			);
			runOnlyForDeploymentPostprocessing = 0;
		};
/* End PBXFrameworksBuildPhase section */

/* Begin PBXGroup section */
		9BC2C8F02884B3D900D6762E = {
			isa = PBXGroup;
			children = (
				9BC2C8F52884B3D900D6762E /* Shared */,
				9BC2C9042884B3DB00D6762E /* macOS */,
				9BC2C90D2884B3DC00D6762E /* Tests iOS */,
				9BC2C9192884B3DC00D6762E /* Tests macOS */,
				9BC2C8FE2884B3DB00D6762E /* Products */,
			);
			sourceTree = "<group>";
		};
		9BC2C8F52884B3D900D6762E /* Shared */ = {
			isa = PBXGroup;
			children = (
				9BC2C8F62884B3D900D6762E /* SearchMyMovieApp.swift */,
				9BC2C8F72884B3D900D6762E /* ContentView.swift */,
				9BC2C8F82884B3DB00D6762E /* Assets.xcassets */,
			);
			path = Shared;
			sourceTree = "<group>";
		};
		9BC2C8FE2884B3DB00D6762E /* Products */ = {
			isa = PBXGroup;
			children = (
				9BC2C8FD2884B3DB00D6762E /* SearchMyMovie.app */,
				9BC2C9032884B3DB00D6762E /* SearchMyMovie.app */,
				9BC2C90A2884B3DB00D6762E /* Tests iOS.xctest */,
				9BC2C9162884B3DC00D6762E /* Tests macOS.xctest */,
			);
			name = Products;
			sourceTree = "<group>";
		};
		9BC2C9042884B3DB00D6762E /* macOS */ = {
			isa = PBXGroup;
			children = (
				9BC2C9052884B3DB00D6762E /* macOS.entitlements */,
			);
			path = macOS;
			sourceTree = "<group>";
		};
		9BC2C90D2884B3DC00D6762E /* Tests iOS */ = {
			isa = PBXGroup;
			children = (
				9BC2C90E2884B3DC00D6762E /* Tests_iOS.swift */,
				9BC2C9102884B3DC00D6762E /* Tests_iOSLaunchTests.swift */,
			);
			path = "Tests iOS";
			sourceTree = "<group>";
		};
		9BC2C9192884B3DC00D6762E /* Tests macOS */ = {
			isa = PBXGroup;
			children = (
				9BC2C91A2884B3DC00D6762E /* Tests_macOS.swift */,
				9BC2C91C2884B3DC00D6762E /* Tests_macOSLaunchTests.swift */,
			);
			path = "Tests macOS";
			sourceTree = "<group>";
		};
/* End PBXGroup section */

/* Begin PBXNativeTarget section */
		9BC2C8FC2884B3DB00D6762E /* SearchMyMovie (iOS) */ = {
			isa = PBXNativeTarget;
			buildConfigurationList = 9BC2C9262884B3DC00D6762E /* Build configuration list for PBXNativeTarget "SearchMyMovie (iOS)" */;
			buildPhases = (
				9BC2C8F92884B3DB00D6762E /* Sources */,
				9BC2C8FA2884B3DB00D6762E /* Frameworks */,
				9BC2C8FB2884B3DB00D6762E /* Resources */,
			);
			buildRules = (
			);
			dependencies = (
			);
			name = "SearchMyMovie (iOS)";
			productName = "SearchMyMovie (iOS)";
			productReference = 9BC2C8FD2884B3DB00D6762E /* SearchMyMovie.app */;
			productType = "com.apple.product-type.application";
		};
		9BC2C9022884B3DB00D6762E /* SearchMyMovie (macOS) */ = {
			isa = PBXNativeTarget;
			buildConfigurationList = 9BC2C9292884B3DC00D6762E /* Build configuration list for PBXNativeTarget "SearchMyMovie (macOS)" */;
			buildPhases = (
				9BC2C8FF2884B3DB00D6762E /* Sources */,
				9BC2C9002884B3DB00D6762E /* Frameworks */,
				9BC2C9012884B3DB00D6762E /* Resources */,
			);
			buildRules = (
			);
			dependencies = (
			);
			name = "SearchMyMovie (macOS)";
			productName = "SearchMyMovie (macOS)";
			productReference = 9BC2C9032884B3DB00D6762E /* SearchMyMovie.app */;
			productType = "com.apple.product-type.application";
		};
		9BC2C9092884B3DB00D6762E /* Tests iOS */ = {
			isa = PBXNativeTarget;
			buildConfigurationList = 9BC2C92C2884B3DC00D6762E /* Build configuration list for PBXNativeTarget "Tests iOS" */;
			buildPhases = (
				9BC2C9062884B3DB00D6762E /* Sources */,
				9BC2C9072884B3DB00D6762E /* Frameworks */,
				9BC2C9082884B3DB00D6762E /* Resources */,
			);
			buildRules = (
			);
			dependencies = (
				9BC2C90C2884B3DC00D6762E /* PBXTargetDependency */,
			);
			name = "Tests iOS";
			productName = "Tests iOS";
			productReference = 9BC2C90A2884B3DB00D6762E /* Tests iOS.xctest */;
			productType = "com.apple.product-type.bundle.ui-testing";
		};
		9BC2C9152884B3DC00D6762E /* Tests macOS */ = {
			isa = PBXNativeTarget;
			buildConfigurationList = 9BC2C92F2884B3DC00D6762E /* Build configuration list for PBXNativeTarget "Tests macOS" */;
			buildPhases = (
				9BC2C9122884B3DC00D6762E /* Sources */,
				9BC2C9132884B3DC00D6762E /* Frameworks */,
				9BC2C9142884B3DC00D6762E /* Resources */,
			);
			buildRules = (
			);
			dependencies = (
				9BC2C9182884B3DC00D6762E /* PBXTargetDependency */,
			);
			name = "Tests macOS";
			productName = "Tests macOS";
			productReference = 9BC2C9162884B3DC00D6762E /* Tests macOS.xctest */;
			productType = "com.apple.product-type.bundle.ui-testing";
		};
/* End PBXNativeTarget section */

/* Begin PBXProject section */
		9BC2C8F12884B3D900D6762E /* Project object */ = {
			isa = PBXProject;
			attributes = {
				BuildIndependentTargetsInParallel = 1;
				LastSwiftUpdateCheck = 1340;
				LastUpgradeCheck = 1340;
				TargetAttributes = {
					9BC2C8FC2884B3DB00D6762E = {
						CreatedOnToolsVersion = 13.4.1;
					};
					9BC2C9022884B3DB00D6762E = {
						CreatedOnToolsVersion = 13.4.1;
					};
					9BC2C9092884B3DB00D6762E = {
						CreatedOnToolsVersion = 13.4.1;
						TestTargetID = 9BC2C8FC2884B3DB00D6762E;
					};
					9BC2C9152884B3DC00D6762E = {
						CreatedOnToolsVersion = 13.4.1;
						TestTargetID = 9BC2C9022884B3DB00D6762E;
					};
				};
			};
			buildConfigurationList = 9BC2C8F42884B3D900D6762E /* Build configuration list for PBXProject "SearchMyMovie" */;
			compatibilityVersion = "Xcode 13.0";
			developmentRegion = en;
			hasScannedForEncodings = 0;
			knownRegions = (
				en,
				Base,
			);
			mainGroup = 9BC2C8F02884B3D900D6762E;
			productRefGroup = 9BC2C8FE2884B3DB00D6762E /* Products */;
			projectDirPath = "";
			projectRoot = "";
			targets = (
				9BC2C8FC2884B3DB00D6762E /* SearchMyMovie (iOS) */,
				9BC2C9022884B3DB00D6762E /* SearchMyMovie (macOS) */,
				9BC2C9092884B3DB00D6762E /* Tests iOS */,
				9BC2C9152884B3DC00D6762E /* Tests macOS */,
			);
		};
/* End PBXProject section */

/* Begin PBXResourcesBuildPhase section */
		9BC2C8FB2884B3DB00D6762E /* Resources */ = {
			isa = PBXResourcesBuildPhase;
			buildActionMask = 2147483647;
			files = (
				9BC2C9222884B3DC00D6762E /* Assets.xcassets in Resources */,
			);
			runOnlyForDeploymentPostprocessing = 0;
		};
		9BC2C9012884B3DB00D6762E /* Resources */ = {
			isa = PBXResourcesBuildPhase;
			buildActionMask = 2147483647;
			files = (
				9BC2C9232884B3DC00D6762E /* Assets.xcassets in Resources */,
			);
			runOnlyForDeploymentPostprocessing = 0;
		};
		9BC2C9082884B3DB00D6762E /* Resources */ = {
			isa = PBXResourcesBuildPhase;
			buildActionMask = 2147483647;
			files = (
			);
			runOnlyForDeploymentPostprocessing = 0;
		};
		9BC2C9142884B3DC00D6762E /* Resources */ = {
			isa = PBXResourcesBuildPhase;
			buildActionMask = 2147483647;
			files = (
			);
			runOnlyForDeploymentPostprocessing = 0;
		};
/* End PBXResourcesBuildPhase section */

/* Begin PBXSourcesBuildPhase section */
		9BC2C8F92884B3DB00D6762E /* Sources */ = {
			isa = PBXSourcesBuildPhase;
			buildActionMask = 2147483647;
			files = (
				9BC2C9202884B3DC00D6762E /* ContentView.swift in Sources */,
				9BC2C91E2884B3DC00D6762E /* SearchMyMovieApp.swift in Sources */,
			);
			runOnlyForDeploymentPostprocessing = 0;
		};
		9BC2C8FF2884B3DB00D6762E /* Sources */ = {
			isa = PBXSourcesBuildPhase;
			buildActionMask = 2147483647;
			files = (
				9BC2C9212884B3DC00D6762E /* ContentView.swift in Sources */,
				9BC2C91F2884B3DC00D6762E /* SearchMyMovieApp.swift in Sources */,
			);
			runOnlyForDeploymentPostprocessing = 0;
		};
		9BC2C9062884B3DB00D6762E /* Sources */ = {
			isa = PBXSourcesBuildPhase;
			buildActionMask = 2147483647;
			files = (
				9BC2C9112884B3DC00D6762E /* Tests_iOSLaunchTests.swift in Sources */,
				9BC2C90F2884B3DC00D6762E /* Tests_iOS.swift in Sources */,
			);
			runOnlyForDeploymentPostprocessing = 0;
		};
		9BC2C9122884B3DC00D6762E /* Sources */ = {
			isa = PBXSourcesBuildPhase;
			buildActionMask = 2147483647;
			files = (
				9BC2C91D2884B3DC00D6762E /* Tests_macOSLaunchTests.swift in Sources */,
				9BC2C91B2884B3DC00D6762E /* Tests_macOS.swift in Sources */,
			);
			runOnlyForDeploymentPostprocessing = 0;
		};
/* End PBXSourcesBuildPhase section */

/* Begin PBXTargetDependency section */
		9BC2C90C2884B3DC00D6762E /* PBXTargetDependency */ = {
			isa = PBXTargetDependency;
			target = 9BC2C8FC2884B3DB00D6762E /* SearchMyMovie (iOS) */;
			targetProxy = 9BC2C90B2884B3DC00D6762E /* PBXContainerItemProxy */;
		};
		9BC2C9182884B3DC00D6762E /* PBXTargetDependency */ = {
			isa = PBXTargetDependency;
			target = 9BC2C9022884B3DB00D6762E /* SearchMyMovie (macOS) */;
			targetProxy = 9BC2C9172884B3DC00D6762E /* PBXContainerItemProxy */;
		};
/* End PBXTargetDependency section */

/* Begin XCBuildConfiguration section */
		9BC2C9242884B3DC00D6762E /* Debug */ = {
			isa = XCBuildConfiguration;
			buildSettings = {
				ALWAYS_SEARCH_USER_PATHS = NO;
				CLANG_ANALYZER_NONNULL = YES;
				CLANG_ANALYZER_NUMBER_OBJECT_CONVERSION = YES_AGGRESSIVE;
				CLANG_CXX_LANGUAGE_STANDARD = "gnu++17";
				CLANG_ENABLE_MODULES = YES;
				CLANG_ENABLE_OBJC_ARC = YES;
				CLANG_ENABLE_OBJC_WEAK = YES;
				CLANG_WARN_BLOCK_CAPTURE_AUTORELEASING = YES;
				CLANG_WARN_BOOL_CONVERSION = YES;
				CLANG_WARN_COMMA = YES;
				CLANG_WARN_CONSTANT_CONVERSION = YES;
				CLANG_WARN_DEPRECATED_OBJC_IMPLEMENTATIONS = YES;
				CLANG_WARN_DIRECT_OBJC_ISA_USAGE = YES_ERROR;
				CLANG_WARN_DOCUMENTATION_COMMENTS = YES;
				CLANG_WARN_EMPTY_BODY = YES;
				CLANG_WARN_ENUM_CONVERSION = YES;
				CLANG_WARN_INFINITE_RECURSION = YES;
				CLANG_WARN_INT_CONVERSION = YES;
				CLANG_WARN_NON_LITERAL_NULL_CONVERSION = YES;
				CLANG_WARN_OBJC_IMPLICIT_RETAIN_SELF = YES;
				CLANG_WARN_OBJC_LITERAL_CONVERSION = YES;
				CLANG_WARN_OBJC_ROOT_CLASS = YES_ERROR;
				CLANG_WARN_QUOTED_INCLUDE_IN_FRAMEWORK_HEADER = YES;
				CLANG_WARN_RANGE_LOOP_ANALYSIS = YES;
				CLANG_WARN_STRICT_PROTOTYPES = YES;
				CLANG_WARN_SUSPICIOUS_MOVE = YES;
				CLANG_WARN_UNGUARDED_AVAILABILITY = YES_AGGRESSIVE;
				CLANG_WARN_UNREACHABLE_CODE = YES;
				CLANG_WARN__DUPLICATE_METHOD_MATCH = YES;
				COPY_PHASE_STRIP = NO;
				DEBUG_INFORMATION_FORMAT = dwarf;
				ENABLE_STRICT_OBJC_MSGSEND = YES;
				ENABLE_TESTABILITY = YES;
				GCC_C_LANGUAGE_STANDARD = gnu11;
				GCC_DYNAMIC_NO_PIC = NO;
				GCC_NO_COMMON_BLOCKS = YES;
				GCC_OPTIMIZATION_LEVEL = 0;
				GCC_PREPROCESSOR_DEFINITIONS = (
					"DEBUG=1",
					"$(inherited)",
				);
				GCC_WARN_64_TO_32_BIT_CONVERSION = YES;
				GCC_WARN_ABOUT_RETURN_TYPE = YES_ERROR;
				GCC_WARN_UNDECLARED_SELECTOR = YES;
				GCC_WARN_UNINITIALIZED_AUTOS = YES_AGGRESSIVE;
				GCC_WARN_UNUSED_FUNCTION = YES;
				GCC_WARN_UNUSED_VARIABLE = YES;
				MTL_ENABLE_DEBUG_INFO = INCLUDE_SOURCE;
				MTL_FAST_MATH = YES;
				ONLY_ACTIVE_ARCH = YES;
				SWIFT_ACTIVE_COMPILATION_CONDITIONS = DEBUG;
				SWIFT_OPTIMIZATION_LEVEL = "-Onone";
			};
			name = Debug;
		};
		9BC2C9252884B3DC00D6762E /* Release */ = {
			isa = XCBuildConfiguration;
			buildSettings = {
				ALWAYS_SEARCH_USER_PATHS = NO;
				CLANG_ANALYZER_NONNULL = YES;
				CLANG_ANALYZER_NUMBER_OBJECT_CONVERSION = YES_AGGRESSIVE;
				CLANG_CXX_LANGUAGE_STANDARD = "gnu++17";
				CLANG_ENABLE_MODULES = YES;
				CLANG_ENABLE_OBJC_ARC = YES;
				CLANG_ENABLE_OBJC_WEAK = YES;
				CLANG_WARN_BLOCK_CAPTURE_AUTORELEASING = YES;
				CLANG_WARN_BOOL_CONVERSION = YES;
				CLANG_WARN_COMMA = YES;
				CLANG_WARN_CONSTANT_CONVERSION = YES;
				CLANG_WARN_DEPRECATED_OBJC_IMPLEMENTATIONS = YES;
				CLANG_WARN_DIRECT_OBJC_ISA_USAGE = YES_ERROR;
				CLANG_WARN_DOCUMENTATION_COMMENTS = YES;
				CLANG_WARN_EMPTY_BODY = YES;
				CLANG_WARN_ENUM_CONVERSION = YES;
				CLANG_WARN_INFINITE_RECURSION = YES;
				CLANG_WARN_INT_CONVERSION = YES;
				CLANG_WARN_NON_LITERAL_NULL_CONVERSION = YES;
				CLANG_WARN_OBJC_IMPLICIT_RETAIN_SELF = YES;
				CLANG_WARN_OBJC_LITERAL_CONVERSION = YES;
				CLANG_WARN_OBJC_ROOT_CLASS = YES_ERROR;
				CLANG_WARN_QUOTED_INCLUDE_IN_FRAMEWORK_HEADER = YES;
				CLANG_WARN_RANGE_LOOP_ANALYSIS = YES;
				CLANG_WARN_STRICT_PROTOTYPES = YES;
				CLANG_WARN_SUSPICIOUS_MOVE = YES;
				CLANG_WARN_UNGUARDED_AVAILABILITY = YES_AGGRESSIVE;
				CLANG_WARN_UNREACHABLE_CODE = YES;
				CLANG_WARN__DUPLICATE_METHOD_MATCH = YES;
				COPY_PHASE_STRIP = NO;
				DEBUG_INFORMATION_FORMAT = "dwarf-with-dsym";
				ENABLE_NS_ASSERTIONS = NO;
				ENABLE_STRICT_OBJC_MSGSEND = YES;
				GCC_C_LANGUAGE_STANDARD = gnu11;
				GCC_NO_COMMON_BLOCKS = YES;
				GCC_WARN_64_TO_32_BIT_CONVERSION = YES;
				GCC_WARN_ABOUT_RETURN_TYPE = YES_ERROR;
				GCC_WARN_UNDECLARED_SELECTOR = YES;
				GCC_WARN_UNINITIALIZED_AUTOS = YES_AGGRESSIVE;
				GCC_WARN_UNUSED_FUNCTION = YES;
				GCC_WARN_UNUSED_VARIABLE = YES;
				MTL_ENABLE_DEBUG_INFO = NO;
				MTL_FAST_MATH = YES;
				SWIFT_COMPILATION_MODE = wholemodule;
				SWIFT_OPTIMIZATION_LEVEL = "-O";
			};
			name = Release;
		};
		9BC2C9272884B3DC00D6762E /* Debug */ = {
			isa = XCBuildConfiguration;
			buildSettings = {
				ASSETCATALOG_COMPILER_APPICON_NAME = AppIcon;
				ASSETCATALOG_COMPILER_GLOBAL_ACCENT_COLOR_NAME = AccentColor;
				CODE_SIGN_STYLE = Automatic;
				CURRENT_PROJECT_VERSION = 1;
				ENABLE_PREVIEWS = YES;
				GENERATE_INFOPLIST_FILE = YES;
				INFOPLIST_KEY_UIApplicationSceneManifest_Generation = YES;
				INFOPLIST_KEY_UIApplicationSupportsIndirectInputEvents = YES;
				INFOPLIST_KEY_UILaunchScreen_Generation = YES;
				INFOPLIST_KEY_UISupportedInterfaceOrientations_iPad = "UIInterfaceOrientationPortrait UIInterfaceOrientationPortraitUpsideDown UIInterfaceOrientationLandscapeLeft UIInterfaceOrientationLandscapeRight";
				INFOPLIST_KEY_UISupportedInterfaceOrientations_iPhone = "UIInterfaceOrientationPortrait UIInterfaceOrientationLandscapeLeft UIInterfaceOrientationLandscapeRight";
				IPHONEOS_DEPLOYMENT_TARGET = 15.5;
				LD_RUNPATH_SEARCH_PATHS = (
					"$(inherited)",
					"@executable_path/Frameworks",
				);
				MARKETING_VERSION = 1.0;
				PRODUCT_BUNDLE_IDENTIFIER = com.ok.SearchMyMovie;
				PRODUCT_NAME = SearchMyMovie;
				SDKROOT = iphoneos;
				SWIFT_EMIT_LOC_STRINGS = YES;
				SWIFT_VERSION = 5.0;
				TARGETED_DEVICE_FAMILY = "1,2";
			};
			name = Debug;
		};
		9BC2C9282884B3DC00D6762E /* Release */ = {
			isa = XCBuildConfiguration;
			buildSettings = {
				ASSETCATALOG_COMPILER_APPICON_NAME = AppIcon;
				ASSETCATALOG_COMPILER_GLOBAL_ACCENT_COLOR_NAME = AccentColor;
				CODE_SIGN_STYLE = Automatic;
				CURRENT_PROJECT_VERSION = 1;
				ENABLE_PREVIEWS = YES;
				GENERATE_INFOPLIST_FILE = YES;
				INFOPLIST_KEY_UIApplicationSceneManifest_Generation = YES;
				INFOPLIST_KEY_UIApplicationSupportsIndirectInputEvents = YES;
				INFOPLIST_KEY_UILaunchScreen_Generation = YES;
				INFOPLIST_KEY_UISupportedInterfaceOrientations_iPad = "UIInterfaceOrientationPortrait UIInterfaceOrientationPortraitUpsideDown UIInterfaceOrientationLandscapeLeft UIInterfaceOrientationLandscapeRight";
				INFOPLIST_KEY_UISupportedInterfaceOrientations_iPhone = "UIInterfaceOrientationPortrait UIInterfaceOrientationLandscapeLeft UIInterfaceOrientationLandscapeRight";
				IPHONEOS_DEPLOYMENT_TARGET = 15.5;
				LD_RUNPATH_SEARCH_PATHS = (
					"$(inherited)",
					"@executable_path/Frameworks",
				);
				MARKETING_VERSION = 1.0;
				PRODUCT_BUNDLE_IDENTIFIER = com.ok.SearchMyMovie;
				PRODUCT_NAME = SearchMyMovie;
				SDKROOT = iphoneos;
				SWIFT_EMIT_LOC_STRINGS = YES;
				SWIFT_VERSION = 5.0;
				TARGETED_DEVICE_FAMILY = "1,2";
				VALIDATE_PRODUCT = YES;
			};
			name = Release;
		};
		9BC2C92A2884B3DC00D6762E /* Debug */ = {
			isa = XCBuildConfiguration;
			buildSettings = {
				ASSETCATALOG_COMPILER_APPICON_NAME = AppIcon;
				ASSETCATALOG_COMPILER_GLOBAL_ACCENT_COLOR_NAME = AccentColor;
				CODE_SIGN_ENTITLEMENTS = macOS/macOS.entitlements;
				CODE_SIGN_STYLE = Automatic;
				COMBINE_HIDPI_IMAGES = YES;
				CURRENT_PROJECT_VERSION = 1;
				ENABLE_PREVIEWS = YES;
				GENERATE_INFOPLIST_FILE = YES;
				INFOPLIST_KEY_NSHumanReadableCopyright = "";
				LD_RUNPATH_SEARCH_PATHS = (
					"$(inherited)",
					"@executable_path/../Frameworks",
				);
				MACOSX_DEPLOYMENT_TARGET = 12.3;
				MARKETING_VERSION = 1.0;
				PRODUCT_BUNDLE_IDENTIFIER = com.ok.SearchMyMovie;
				PRODUCT_NAME = SearchMyMovie;
				SDKROOT = macosx;
				SWIFT_EMIT_LOC_STRINGS = YES;
				SWIFT_VERSION = 5.0;
			};
			name = Debug;
		};
		9BC2C92B2884B3DC00D6762E /* Release */ = {
			isa = XCBuildConfiguration;
			buildSettings = {
				ASSETCATALOG_COMPILER_APPICON_NAME = AppIcon;
				ASSETCATALOG_COMPILER_GLOBAL_ACCENT_COLOR_NAME = AccentColor;
				CODE_SIGN_ENTITLEMENTS = macOS/macOS.entitlements;
				CODE_SIGN_STYLE = Automatic;
				COMBINE_HIDPI_IMAGES = YES;
				CURRENT_PROJECT_VERSION = 1;
				ENABLE_PREVIEWS = YES;
				GENERATE_INFOPLIST_FILE = YES;
				INFOPLIST_KEY_NSHumanReadableCopyright = "";
				LD_RUNPATH_SEARCH_PATHS = (
					"$(inherited)",
					"@executable_path/../Frameworks",
				);
				MACOSX_DEPLOYMENT_TARGET = 12.3;
				MARKETING_VERSION = 1.0;
				PRODUCT_BUNDLE_IDENTIFIER = com.ok.SearchMyMovie;
				PRODUCT_NAME = SearchMyMovie;
				SDKROOT = macosx;
				SWIFT_EMIT_LOC_STRINGS = YES;
				SWIFT_VERSION = 5.0;
			};
			name = Release;
		};
		9BC2C92D2884B3DC00D6762E /* Debug */ = {
			isa = XCBuildConfiguration;
			buildSettings = {
				ALWAYS_EMBED_SWIFT_STANDARD_LIBRARIES = YES;
				CODE_SIGN_STYLE = Automatic;
				CURRENT_PROJECT_VERSION = 1;
				GENERATE_INFOPLIST_FILE = YES;
				IPHONEOS_DEPLOYMENT_TARGET = 15.5;
				MARKETING_VERSION = 1.0;
				PRODUCT_BUNDLE_IDENTIFIER = "com.ok.Tests-iOS";
				PRODUCT_NAME = "$(TARGET_NAME)";
				SDKROOT = iphoneos;
				SWIFT_EMIT_LOC_STRINGS = NO;
				SWIFT_VERSION = 5.0;
				TARGETED_DEVICE_FAMILY = "1,2";
				TEST_TARGET_NAME = "SearchMyMovie (iOS)";
			};
			name = Debug;
		};
		9BC2C92E2884B3DC00D6762E /* Release */ = {
			isa = XCBuildConfiguration;
			buildSettings = {
				ALWAYS_EMBED_SWIFT_STANDARD_LIBRARIES = YES;
				CODE_SIGN_STYLE = Automatic;
				CURRENT_PROJECT_VERSION = 1;
				GENERATE_INFOPLIST_FILE = YES;
				IPHONEOS_DEPLOYMENT_TARGET = 15.5;
				MARKETING_VERSION = 1.0;
				PRODUCT_BUNDLE_IDENTIFIER = "com.ok.Tests-iOS";
				PRODUCT_NAME = "$(TARGET_NAME)";
				SDKROOT = iphoneos;
				SWIFT_EMIT_LOC_STRINGS = NO;
				SWIFT_VERSION = 5.0;
				TARGETED_DEVICE_FAMILY = "1,2";
				TEST_TARGET_NAME = "SearchMyMovie (iOS)";
				VALIDATE_PRODUCT = YES;
			};
			name = Release;
		};
		9BC2C9302884B3DC00D6762E /* Debug */ = {
			isa = XCBuildConfiguration;
			buildSettings = {
				ALWAYS_EMBED_SWIFT_STANDARD_LIBRARIES = YES;
				CODE_SIGN_STYLE = Automatic;
				CURRENT_PROJECT_VERSION = 1;
				GENERATE_INFOPLIST_FILE = YES;
				MACOSX_DEPLOYMENT_TARGET = 12.3;
				MARKETING_VERSION = 1.0;
				PRODUCT_BUNDLE_IDENTIFIER = "com.ok.Tests-macOS";
				PRODUCT_NAME = "$(TARGET_NAME)";
				SDKROOT = macosx;
				SWIFT_EMIT_LOC_STRINGS = NO;
				SWIFT_VERSION = 5.0;
				TEST_TARGET_NAME = "SearchMyMovie (macOS)";
			};
			name = Debug;
		};
		9BC2C9312884B3DC00D6762E /* Release */ = {
			isa = XCBuildConfiguration;
			buildSettings = {
				ALWAYS_EMBED_SWIFT_STANDARD_LIBRARIES = YES;
				CODE_SIGN_STYLE = Automatic;
				CURRENT_PROJECT_VERSION = 1;
				GENERATE_INFOPLIST_FILE = YES;
				MACOSX_DEPLOYMENT_TARGET = 12.3;
				MARKETING_VERSION = 1.0;
				PRODUCT_BUNDLE_IDENTIFIER = "com.ok.Tests-macOS";
				PRODUCT_NAME = "$(TARGET_NAME)";
				SDKROOT = macosx;
				SWIFT_EMIT_LOC_STRINGS = NO;
				SWIFT_VERSION = 5.0;
				TEST_TARGET_NAME = "SearchMyMovie (macOS)";
			};
			name = Release;
		};
/* End XCBuildConfiguration section */

/* Begin XCConfigurationList section */
		9BC2C8F42884B3D900D6762E /* Build configuration list for PBXProject "SearchMyMovie" */ = {
			isa = XCConfigurationList;
			buildConfigurations = (
				9BC2C9242884B3DC00D6762E /* Debug */,
				9BC2C9252884B3DC00D6762E /* Release */,
			);
			defaultConfigurationIsVisible = 0;
			defaultConfigurationName = Release;
		};
		9BC2C9262884B3DC00D6762E /* Build configuration list for PBXNativeTarget "SearchMyMovie (iOS)" */ = {
			isa = XCConfigurationList;
			buildConfigurations = (
				9BC2C9272884B3DC00D6762E /* Debug */,
				9BC2C9282884B3DC00D6762E /* Release */,
			);
			defaultConfigurationIsVisible = 0;
			defaultConfigurationName = Release;
		};
		9BC2C9292884B3DC00D6762E /* Build configuration list for PBXNativeTarget "SearchMyMovie (macOS)" */ = {
			isa = XCConfigurationList;
			buildConfigurations = (
				9BC2C92A2884B3DC00D6762E /* Debug */,
				9BC2C92B2884B3DC00D6762E /* Release */,
			);
			defaultConfigurationIsVisible = 0;
			defaultConfigurationName = Release;
		};
		9BC2C92C2884B3DC00D6762E /* Build configuration list for PBXNativeTarget "Tests iOS" */ = {
			isa = XCConfigurationList;
			buildConfigurations = (
				9BC2C92D2884B3DC00D6762E /* Debug */,
				9BC2C92E2884B3DC00D6762E /* Release */,
			);
			defaultConfigurationIsVisible = 0;
			defaultConfigurationName = Release;
		};
		9BC2C92F2884B3DC00D6762E /* Build configuration list for PBXNativeTarget "Tests macOS" */ = {
			isa = XCConfigurationList;
			buildConfigurations = (
				9BC2C9302884B3DC00D6762E /* Debug */,
				9BC2C9312884B3DC00D6762E /* Release */,
			);
			defaultConfigurationIsVisible = 0;
			defaultConfigurationName = Release;
		};
/* End XCConfigurationList section */
	};
	rootObject = 9BC2C8F12884B3D900D6762E /* Project object */;
}
